// !$*UTF8*$!
{
	archiveVersion = 1;
	classes = {
	};
	objectVersion = 50;
	objects = {

/* Begin PBXBuildFile section */
		0B991B672236745F009DAACC /* AppDelegate.swift in Sources */ = {isa = PBXBuildFile; fileRef = 0B991B662236745F009DAACC /* AppDelegate.swift */; };
		0B991B692236745F009DAACC /* ViewController.swift in Sources */ = {isa = PBXBuildFile; fileRef = 0B991B682236745F009DAACC /* ViewController.swift */; };
		0B991B6C2236745F009DAACC /* Main.storyboard in Resources */ = {isa = PBXBuildFile; fileRef = 0B991B6A2236745F009DAACC /* Main.storyboard */; };
		0B991B6E22367461009DAACC /* Assets.xcassets in Resources */ = {isa = PBXBuildFile; fileRef = 0B991B6D22367461009DAACC /* Assets.xcassets */; };
		0B991B7122367461009DAACC /* LaunchScreen.storyboard in Resources */ = {isa = PBXBuildFile; fileRef = 0B991B6F22367461009DAACC /* LaunchScreen.storyboard */; };
		0B991B7C22367461009DAACC /* TestMapTests.swift in Sources */ = {isa = PBXBuildFile; fileRef = 0B991B7B22367461009DAACC /* TestMapTests.swift */; };
		0B991B8722367461009DAACC /* TestMapUITests.swift in Sources */ = {isa = PBXBuildFile; fileRef = 0B991B8622367461009DAACC /* TestMapUITests.swift */; };
/* End PBXBuildFile section */

/* Begin PBXContainerItemProxy section */
		0B991B7822367461009DAACC /* PBXContainerItemProxy */ = {
			isa = PBXContainerItemProxy;
			containerPortal = 0B991B5B2236745F009DAACC /* Project object */;
			proxyType = 1;
			remoteGlobalIDString = 0B991B622236745F009DAACC;
			remoteInfo = TestMap;
		};
		0B991B8322367461009DAACC /* PBXContainerItemProxy */ = {
			isa = PBXContainerItemProxy;
			containerPortal = 0B991B5B2236745F009DAACC /* Project object */;
			proxyType = 1;
			remoteGlobalIDString = 0B991B622236745F009DAACC;
			remoteInfo = TestMap;
		};
/* End PBXContainerItemProxy section */

/* Begin PBXFileReference section */
		0B991B632236745F009DAACC /* TestMap.app */ = {isa = PBXFileReference; explicitFileType = wrapper.application; includeInIndex = 0; path = TestMap.app; sourceTree = BUILT_PRODUCTS_DIR; };
		0B991B662236745F009DAACC /* AppDelegate.swift */ = {isa = PBXFileReference; lastKnownFileType = sourcecode.swift; path = AppDelegate.swift; sourceTree = "<group>"; };
		0B991B682236745F009DAACC /* ViewController.swift */ = {isa = PBXFileReference; lastKnownFileType = sourcecode.swift; path = ViewController.swift; sourceTree = "<group>"; };
		0B991B6B2236745F009DAACC /* Base */ = {isa = PBXFileReference; lastKnownFileType = file.storyboard; name = Base; path = Base.lproj/Main.storyboard; sourceTree = "<group>"; };
		0B991B6D22367461009DAACC /* Assets.xcassets */ = {isa = PBXFileReference; lastKnownFileType = folder.assetcatalog; path = Assets.xcassets; sourceTree = "<group>"; };
		0B991B7022367461009DAACC /* Base */ = {isa = PBXFileReference; lastKnownFileType = file.storyboard; name = Base; path = Base.lproj/LaunchScreen.storyboard; sourceTree = "<group>"; };
		0B991B7222367461009DAACC /* Info.plist */ = {isa = PBXFileReference; lastKnownFileType = text.plist.xml; path = Info.plist; sourceTree = "<group>"; };
		0B991B7722367461009DAACC /* TestMapTests.xctest */ = {isa = PBXFileReference; explicitFileType = wrapper.cfbundle; includeInIndex = 0; path = TestMapTests.xctest; sourceTree = BUILT_PRODUCTS_DIR; };
		0B991B7B22367461009DAACC /* TestMapTests.swift */ = {isa = PBXFileReference; lastKnownFileType = sourcecode.swift; path = TestMapTests.swift; sourceTree = "<group>"; };
		0B991B7D22367461009DAACC /* Info.plist */ = {isa = PBXFileReference; lastKnownFileType = text.plist.xml; path = Info.plist; sourceTree = "<group>"; };
		0B991B8222367461009DAACC /* TestMapUITests.xctest */ = {isa = PBXFileReference; explicitFileType = wrapper.cfbundle; includeInIndex = 0; path = TestMapUITests.xctest; sourceTree = BUILT_PRODUCTS_DIR; };
		0B991B8622367461009DAACC /* TestMapUITests.swift */ = {isa = PBXFileReference; lastKnownFileType = sourcecode.swift; path = TestMapUITests.swift; sourceTree = "<group>"; };
		0B991B8822367461009DAACC /* Info.plist */ = {isa = PBXFileReference; lastKnownFileType = text.plist.xml; path = Info.plist; sourceTree = "<group>"; };
/* End PBXFileReference section */

/* Begin PBXFrameworksBuildPhase section */
		0B991B602236745F009DAACC /* Frameworks */ = {
			isa = PBXFrameworksBuildPhase;
			buildActionMask = 2147483647;
			files = (
			);
			runOnlyForDeploymentPostprocessing = 0;
		};
		0B991B7422367461009DAACC /* Frameworks */ = {
			isa = PBXFrameworksBuildPhase;
			buildActionMask = 2147483647;
			files = (
			);
			runOnlyForDeploymentPostprocessing = 0;
		};
		0B991B7F22367461009DAACC /* Frameworks */ = {
			isa = PBXFrameworksBuildPhase;
			buildActionMask = 2147483647;
			files = (
			);
			runOnlyForDeploymentPostprocessing = 0;
		};
/* End PBXFrameworksBuildPhase section */

/* Begin PBXGroup section */
		0B991B5A2236745F009DAACC = {
			isa = PBXGroup;
			children = (
				0B991B652236745F009DAACC /* TestMap */,
				0B991B7A22367461009DAACC /* TestMapTests */,
				0B991B8522367461009DAACC /* TestMapUITests */,
				0B991B642236745F009DAACC /* Products */,
			);
			sourceTree = "<group>";
		};
		0B991B642236745F009DAACC /* Products */ = {
			isa = PBXGroup;
			children = (
				0B991B632236745F009DAACC /* TestMap.app */,
				0B991B7722367461009DAACC /* TestMapTests.xctest */,
				0B991B8222367461009DAACC /* TestMapUITests.xctest */,
			);
			name = Products;
			sourceTree = "<group>";
		};
		0B991B652236745F009DAACC /* TestMap */ = {
			isa = PBXGroup;
			children = (
				0B991B662236745F009DAACC /* AppDelegate.swift */,
				0B991B682236745F009DAACC /* ViewController.swift */,
				0B991B6A2236745F009DAACC /* Main.storyboard */,
				0B991B6D22367461009DAACC /* Assets.xcassets */,
				0B991B6F22367461009DAACC /* LaunchScreen.storyboard */,
				0B991B7222367461009DAACC /* Info.plist */,
			);
			path = TestMap;
			sourceTree = "<group>";
		};
		0B991B7A22367461009DAACC /* TestMapTests */ = {
			isa = PBXGroup;
			children = (
				0B991B7B22367461009DAACC /* TestMapTests.swift */,
				0B991B7D22367461009DAACC /* Info.plist */,
			);
			path = TestMapTests;
			sourceTree = "<group>";
		};
		0B991B8522367461009DAACC /* TestMapUITests */ = {
			isa = PBXGroup;
			children = (
				0B991B8622367461009DAACC /* TestMapUITests.swift */,
				0B991B8822367461009DAACC /* Info.plist */,
			);
			path = TestMapUITests;
			sourceTree = "<group>";
		};
/* End PBXGroup section */

/* Begin PBXNativeTarget section */
		0B991B622236745F009DAACC /* TestMap */ = {
			isa = PBXNativeTarget;
			buildConfigurationList = 0B991B8B22367461009DAACC /* Build configuration list for PBXNativeTarget "TestMap" */;
			buildPhases = (
				0B991B5F2236745F009DAACC /* Sources */,
				0B991B602236745F009DAACC /* Frameworks */,
				0B991B612236745F009DAACC /* Resources */,
			);
			buildRules = (
			);
			dependencies = (
			);
			name = TestMap;
			productName = TestMap;
			productReference = 0B991B632236745F009DAACC /* TestMap.app */;
			productType = "com.apple.product-type.application";
		};
		0B991B7622367461009DAACC /* TestMapTests */ = {
			isa = PBXNativeTarget;
			buildConfigurationList = 0B991B8E22367461009DAACC /* Build configuration list for PBXNativeTarget "TestMapTests" */;
			buildPhases = (
				0B991B7322367461009DAACC /* Sources */,
				0B991B7422367461009DAACC /* Frameworks */,
				0B991B7522367461009DAACC /* Resources */,
			);
			buildRules = (
			);
			dependencies = (
				0B991B7922367461009DAACC /* PBXTargetDependency */,
			);
			name = TestMapTests;
			productName = TestMapTests;
			productReference = 0B991B7722367461009DAACC /* TestMapTests.xctest */;
			productType = "com.apple.product-type.bundle.unit-test";
		};
		0B991B8122367461009DAACC /* TestMapUITests */ = {
			isa = PBXNativeTarget;
			buildConfigurationList = 0B991B9122367461009DAACC /* Build configuration list for PBXNativeTarget "TestMapUITests" */;
			buildPhases = (
				0B991B7E22367461009DAACC /* Sources */,
				0B991B7F22367461009DAACC /* Frameworks */,
				0B991B8022367461009DAACC /* Resources */,
			);
			buildRules = (
			);
			dependencies = (
				0B991B8422367461009DAACC /* PBXTargetDependency */,
			);
			name = TestMapUITests;
			productName = TestMapUITests;
			productReference = 0B991B8222367461009DAACC /* TestMapUITests.xctest */;
			productType = "com.apple.product-type.bundle.ui-testing";
		};
/* End PBXNativeTarget section */

/* Begin PBXProject section */
		0B991B5B2236745F009DAACC /* Project object */ = {
			isa = PBXProject;
			attributes = {
				LastSwiftUpdateCheck = 1010;
				LastUpgradeCheck = 1010;
				ORGANIZATIONNAME = "Nerrad Sapiluh";
				TargetAttributes = {
					0B991B622236745F009DAACC = {
						CreatedOnToolsVersion = 10.1;
					};
					0B991B7622367461009DAACC = {
						CreatedOnToolsVersion = 10.1;
						TestTargetID = 0B991B622236745F009DAACC;
					};
					0B991B8122367461009DAACC = {
						CreatedOnToolsVersion = 10.1;
						TestTargetID = 0B991B622236745F009DAACC;
					};
				};
			};
			buildConfigurationList = 0B991B5E2236745F009DAACC /* Build configuration list for PBXProject "TestMap" */;
			compatibilityVersion = "Xcode 9.3";
			developmentRegion = en;
			hasScannedForEncodings = 0;
			knownRegions = (
				en,
				Base,
			);
			mainGroup = 0B991B5A2236745F009DAACC;
			productRefGroup = 0B991B642236745F009DAACC /* Products */;
			projectDirPath = "";
			projectRoot = "";
			targets = (
				0B991B622236745F009DAACC /* TestMap */,
				0B991B7622367461009DAACC /* TestMapTests */,
				0B991B8122367461009DAACC /* TestMapUITests */,
			);
		};
/* End PBXProject section */

/* Begin PBXResourcesBuildPhase section */
		0B991B612236745F009DAACC /* Resources */ = {
			isa = PBXResourcesBuildPhase;
			buildActionMask = 2147483647;
			files = (
				0B991B7122367461009DAACC /* LaunchScreen.storyboard in Resources */,
				0B991B6E22367461009DAACC /* Assets.xcassets in Resources */,
				0B991B6C2236745F009DAACC /* Main.storyboard in Resources */,
			);
			runOnlyForDeploymentPostprocessing = 0;
		};
		0B991B7522367461009DAACC /* Resources */ = {
			isa = PBXResourcesBuildPhase;
			buildActionMask = 2147483647;
			files = (
			);
			runOnlyForDeploymentPostprocessing = 0;
		};
		0B991B8022367461009DAACC /* Resources */ = {
			isa = PBXResourcesBuildPhase;
			buildActionMask = 2147483647;
			files = (
			);
			runOnlyForDeploymentPostprocessing = 0;
		};
/* End PBXResourcesBuildPhase section */

/* Begin PBXSourcesBuildPhase section */
		0B991B5F2236745F009DAACC /* Sources */ = {
			isa = PBXSourcesBuildPhase;
			buildActionMask = 2147483647;
			files = (
				0B991B692236745F009DAACC /* ViewController.swift in Sources */,
				0B991B672236745F009DAACC /* AppDelegate.swift in Sources */,
			);
			runOnlyForDeploymentPostprocessing = 0;
		};
		0B991B7322367461009DAACC /* Sources */ = {
			isa = PBXSourcesBuildPhase;
			buildActionMask = 2147483647;
			files = (
				0B991B7C22367461009DAACC /* TestMapTests.swift in Sources */,
			);
			runOnlyForDeploymentPostprocessing = 0;
		};
		0B991B7E22367461009DAACC /* Sources */ = {
			isa = PBXSourcesBuildPhase;
			buildActionMask = 2147483647;
			files = (
				0B991B8722367461009DAACC /* TestMapUITests.swift in Sources */,
			);
			runOnlyForDeploymentPostprocessing = 0;
		};
/* End PBXSourcesBuildPhase section */

/* Begin PBXTargetDependency section */
		0B991B7922367461009DAACC /* PBXTargetDependency */ = {
			isa = PBXTargetDependency;
			target = 0B991B622236745F009DAACC /* TestMap */;
			targetProxy = 0B991B7822367461009DAACC /* PBXContainerItemProxy */;
		};
		0B991B8422367461009DAACC /* PBXTargetDependency */ = {
			isa = PBXTargetDependency;
			target = 0B991B622236745F009DAACC /* TestMap */;
			targetProxy = 0B991B8322367461009DAACC /* PBXContainerItemProxy */;
		};
/* End PBXTargetDependency section */

/* Begin PBXVariantGroup section */
		0B991B6A2236745F009DAACC /* Main.storyboard */ = {
			isa = PBXVariantGroup;
			children = (
				0B991B6B2236745F009DAACC /* Base */,
			);
			name = Main.storyboard;
			sourceTree = "<group>";
		};
		0B991B6F22367461009DAACC /* LaunchScreen.storyboard */ = {
			isa = PBXVariantGroup;
			children = (
				0B991B7022367461009DAACC /* Base */,
			);
			name = LaunchScreen.storyboard;
			sourceTree = "<group>";
		};
/* End PBXVariantGroup section */

/* Begin XCBuildConfiguration section */
		0B991B8922367461009DAACC /* Debug */ = {
			isa = XCBuildConfiguration;
			buildSettings = {
				ALWAYS_SEARCH_USER_PATHS = NO;
				CLANG_ANALYZER_NONNULL = YES;
				CLANG_ANALYZER_NUMBER_OBJECT_CONVERSION = YES_AGGRESSIVE;
				CLANG_CXX_LANGUAGE_STANDARD = "gnu++14";
				CLANG_CXX_LIBRARY = "libc++";
				CLANG_ENABLE_MODULES = YES;
				CLANG_ENABLE_OBJC_ARC = YES;
				CLANG_ENABLE_OBJC_WEAK = YES;
				CLANG_WARN_BLOCK_CAPTURE_AUTORELEASING = YES;
				CLANG_WARN_BOOL_CONVERSION = YES;
				CLANG_WARN_COMMA = YES;
				CLANG_WARN_CONSTANT_CONVERSION = YES;
				CLANG_WARN_DEPRECATED_OBJC_IMPLEMENTATIONS = YES;
				CLANG_WARN_DIRECT_OBJC_ISA_USAGE = YES_ERROR;
				CLANG_WARN_DOCUMENTATION_COMMENTS = YES;
				CLANG_WARN_EMPTY_BODY = YES;
				CLANG_WARN_ENUM_CONVERSION = YES;
				CLANG_WARN_INFINITE_RECURSION = YES;
				CLANG_WARN_INT_CONVERSION = YES;
				CLANG_WARN_NON_LITERAL_NULL_CONVERSION = YES;
				CLANG_WARN_OBJC_IMPLICIT_RETAIN_SELF = YES;
				CLANG_WARN_OBJC_LITERAL_CONVERSION = YES;
				CLANG_WARN_OBJC_ROOT_CLASS = YES_ERROR;
				CLANG_WARN_RANGE_LOOP_ANALYSIS = YES;
				CLANG_WARN_STRICT_PROTOTYPES = YES;
				CLANG_WARN_SUSPICIOUS_MOVE = YES;
				CLANG_WARN_UNGUARDED_AVAILABILITY = YES_AGGRESSIVE;
				CLANG_WARN_UNREACHABLE_CODE = YES;
				CLANG_WARN__DUPLICATE_METHOD_MATCH = YES;
				CODE_SIGN_IDENTITY = "iPhone Developer";
				COPY_PHASE_STRIP = NO;
				DEBUG_INFORMATION_FORMAT = dwarf;
				ENABLE_STRICT_OBJC_MSGSEND = YES;
				ENABLE_TESTABILITY = YES;
				GCC_C_LANGUAGE_STANDARD = gnu11;
				GCC_DYNAMIC_NO_PIC = NO;
				GCC_NO_COMMON_BLOCKS = YES;
				GCC_OPTIMIZATION_LEVEL = 0;
				GCC_PREPROCESSOR_DEFINITIONS = (
					"DEBUG=1",
					"$(inherited)",
				);
				GCC_WARN_64_TO_32_BIT_CONVERSION = YES;
				GCC_WARN_ABOUT_RETURN_TYPE = YES_ERROR;
				GCC_WARN_UNDECLARED_SELECTOR = YES;
				GCC_WARN_UNINITIALIZED_AUTOS = YES_AGGRESSIVE;
				GCC_WARN_UNUSED_FUNCTION = YES;
				GCC_WARN_UNUSED_VARIABLE = YES;
				IPHONEOS_DEPLOYMENT_TARGET = 12.1;
				MTL_ENABLE_DEBUG_INFO = INCLUDE_SOURCE;
				MTL_FAST_MATH = YES;
				ONLY_ACTIVE_ARCH = YES;
				SDKROOT = iphoneos;
				SWIFT_ACTIVE_COMPILATION_CONDITIONS = DEBUG;
				SWIFT_OPTIMIZATION_LEVEL = "-Onone";
			};
			name = Debug;
		};
		0B991B8A22367461009DAACC /* Release */ = {
			isa = XCBuildConfiguration;
			buildSettings = {
				ALWAYS_SEARCH_USER_PATHS = NO;
				CLANG_ANALYZER_NONNULL = YES;
				CLANG_ANALYZER_NUMBER_OBJECT_CONVERSION = YES_AGGRESSIVE;
				CLANG_CXX_LANGUAGE_STANDARD = "gnu++14";
				CLANG_CXX_LIBRARY = "libc++";
				CLANG_ENABLE_MODULES = YES;
				CLANG_ENABLE_OBJC_ARC = YES;
				CLANG_ENABLE_OBJC_WEAK = YES;
				CLANG_WARN_BLOCK_CAPTURE_AUTORELEASING = YES;
				CLANG_WARN_BOOL_CONVERSION = YES;
				CLANG_WARN_COMMA = YES;
				CLANG_WARN_CONSTANT_CONVERSION = YES;
				CLANG_WARN_DEPRECATED_OBJC_IMPLEMENTATIONS = YES;
				CLANG_WARN_DIRECT_OBJC_ISA_USAGE = YES_ERROR;
				CLANG_WARN_DOCUMENTATION_COMMENTS = YES;
				CLANG_WARN_EMPTY_BODY = YES;
				CLANG_WARN_ENUM_CONVERSION = YES;
				CLANG_WARN_INFINITE_RECURSION = YES;
				CLANG_WARN_INT_CONVERSION = YES;
				CLANG_WARN_NON_LITERAL_NULL_CONVERSION = YES;
				CLANG_WARN_OBJC_IMPLICIT_RETAIN_SELF = YES;
				CLANG_WARN_OBJC_LITERAL_CONVERSION = YES;
				CLANG_WARN_OBJC_ROOT_CLASS = YES_ERROR;
				CLANG_WARN_RANGE_LOOP_ANALYSIS = YES;
				CLANG_WARN_STRICT_PROTOTYPES = YES;
				CLANG_WARN_SUSPICIOUS_MOVE = YES;
				CLANG_WARN_UNGUARDED_AVAILABILITY = YES_AGGRESSIVE;
				CLANG_WARN_UNREACHABLE_CODE = YES;
				CLANG_WARN__DUPLICATE_METHOD_MATCH = YES;
				CODE_SIGN_IDENTITY = "iPhone Developer";
				COPY_PHASE_STRIP = NO;
				DEBUG_INFORMATION_FORMAT = "dwarf-with-dsym";
				ENABLE_NS_ASSERTIONS = NO;
				ENABLE_STRICT_OBJC_MSGSEND = YES;
				GCC_C_LANGUAGE_STANDARD = gnu11;
				GCC_NO_COMMON_BLOCKS = YES;
				GCC_WARN_64_TO_32_BIT_CONVERSION = YES;
				GCC_WARN_ABOUT_RETURN_TYPE = YES_ERROR;
				GCC_WARN_UNDECLARED_SELECTOR = YES;
				GCC_WARN_UNINITIALIZED_AUTOS = YES_AGGRESSIVE;
				GCC_WARN_UNUSED_FUNCTION = YES;
				GCC_WARN_UNUSED_VARIABLE = YES;
				IPHONEOS_DEPLOYMENT_TARGET = 12.1;
				MTL_ENABLE_DEBUG_INFO = NO;
				MTL_FAST_MATH = YES;
				SDKROOT = iphoneos;
				SWIFT_COMPILATION_MODE = wholemodule;
				SWIFT_OPTIMIZATION_LEVEL = "-O";
				VALIDATE_PRODUCT = YES;
			};
			name = Release;
		};
		0B991B8C22367461009DAACC /* Debug */ = {
			isa = XCBuildConfiguration;
			buildSettings = {
				ASSETCATALOG_COMPILER_APPICON_NAME = AppIcon;
				CODE_SIGN_STYLE = Automatic;
				INFOPLIST_FILE = TestMap/Info.plist;
				LD_RUNPATH_SEARCH_PATHS = (
					"$(inherited)",
					"@executable_path/Frameworks",
				);
				PRODUCT_BUNDLE_IDENTIFIER = Nerrad.TestMap;
				PRODUCT_NAME = "$(TARGET_NAME)";
				SWIFT_VERSION = 4.2;
				TARGETED_DEVICE_FAMILY = "1,2";
			};
			name = Debug;
		};
		0B991B8D22367461009DAACC /* Release */ = {
			isa = XCBuildConfiguration;
			buildSettings = {
				ASSETCATALOG_COMPILER_APPICON_NAME = AppIcon;
				CODE_SIGN_STYLE = Automatic;
				INFOPLIST_FILE = TestMap/Info.plist;
				LD_RUNPATH_SEARCH_PATHS = (
					"$(inherited)",
					"@executable_path/Frameworks",
				);
				PRODUCT_BUNDLE_IDENTIFIER = Nerrad.TestMap;
				PRODUCT_NAME = "$(TARGET_NAME)";
				SWIFT_VERSION = 4.2;
				TARGETED_DEVICE_FAMILY = "1,2";
			};
			name = Release;
		};
		0B991B8F22367461009DAACC /* Debug */ = {
			isa = XCBuildConfiguration;
			buildSettings = {
				ALWAYS_EMBED_SWIFT_STANDARD_LIBRARIES = YES;
				BUNDLE_LOADER = "$(TEST_HOST)";
				CODE_SIGN_STYLE = Automatic;
				INFOPLIST_FILE = TestMapTests/Info.plist;
				LD_RUNPATH_SEARCH_PATHS = (
					"$(inherited)",
					"@executable_path/Frameworks",
					"@loader_path/Frameworks",
				);
				PRODUCT_BUNDLE_IDENTIFIER = Nerrad.TestMapTests;
				PRODUCT_NAME = "$(TARGET_NAME)";
				SWIFT_VERSION = 4.2;
				TARGETED_DEVICE_FAMILY = "1,2";
				TEST_HOST = "$(BUILT_PRODUCTS_DIR)/TestMap.app/TestMap";
			};
			name = Debug;
		};
		0B991B9022367461009DAACC /* Release */ = {
			isa = XCBuildConfiguration;
			buildSettings = {
				ALWAYS_EMBED_SWIFT_STANDARD_LIBRARIES = YES;
				BUNDLE_LOADER = "$(TEST_HOST)";
				CODE_SIGN_STYLE = Automatic;
				INFOPLIST_FILE = TestMapTests/Info.plist;
				LD_RUNPATH_SEARCH_PATHS = (
					"$(inherited)",
					"@executable_path/Frameworks",
					"@loader_path/Frameworks",
				);
				PRODUCT_BUNDLE_IDENTIFIER = Nerrad.TestMapTests;
				PRODUCT_NAME = "$(TARGET_NAME)";
				SWIFT_VERSION = 4.2;
				TARGETED_DEVICE_FAMILY = "1,2";
				TEST_HOST = "$(BUILT_PRODUCTS_DIR)/TestMap.app/TestMap";
			};
			name = Release;
		};
		0B991B9222367461009DAACC /* Debug */ = {
			isa = XCBuildConfiguration;
			buildSettings = {
				ALWAYS_EMBED_SWIFT_STANDARD_LIBRARIES = YES;
				CODE_SIGN_STYLE = Automatic;
				INFOPLIST_FILE = TestMapUITests/Info.plist;
				LD_RUNPATH_SEARCH_PATHS = (
					"$(inherited)",
					"@executable_path/Frameworks",
					"@loader_path/Frameworks",
				);
				PRODUCT_BUNDLE_IDENTIFIER = Nerrad.TestMapUITests;
				PRODUCT_NAME = "$(TARGET_NAME)";
				SWIFT_VERSION = 4.2;
				TARGETED_DEVICE_FAMILY = "1,2";
				TEST_TARGET_NAME = TestMap;
			};
			name = Debug;
		};
		0B991B9322367461009DAACC /* Release */ = {
			isa = XCBuildConfiguration;
			buildSettings = {
				ALWAYS_EMBED_SWIFT_STANDARD_LIBRARIES = YES;
				CODE_SIGN_STYLE = Automatic;
				INFOPLIST_FILE = TestMapUITests/Info.plist;
				LD_RUNPATH_SEARCH_PATHS = (
					"$(inherited)",
					"@executable_path/Frameworks",
					"@loader_path/Frameworks",
				);
				PRODUCT_BUNDLE_IDENTIFIER = Nerrad.TestMapUITests;
				PRODUCT_NAME = "$(TARGET_NAME)";
				SWIFT_VERSION = 4.2;
				TARGETED_DEVICE_FAMILY = "1,2";
				TEST_TARGET_NAME = TestMap;
			};
			name = Release;
		};
/* End XCBuildConfiguration section */

/* Begin XCConfigurationList section */
		0B991B5E2236745F009DAACC /* Build configuration list for PBXProject "TestMap" */ = {
			isa = XCConfigurationList;
			buildConfigurations = (
				0B991B8922367461009DAACC /* Debug */,
				0B991B8A22367461009DAACC /* Release */,
			);
			defaultConfigurationIsVisible = 0;
			defaultConfigurationName = Release;
		};
		0B991B8B22367461009DAACC /* Build configuration list for PBXNativeTarget "TestMap" */ = {
			isa = XCConfigurationList;
			buildConfigurations = (
				0B991B8C22367461009DAACC /* Debug */,
				0B991B8D22367461009DAACC /* Release */,
			);
			defaultConfigurationIsVisible = 0;
			defaultConfigurationName = Release;
		};
		0B991B8E22367461009DAACC /* Build configuration list for PBXNativeTarget "TestMapTests" */ = {
			isa = XCConfigurationList;
			buildConfigurations = (
				0B991B8F22367461009DAACC /* Debug */,
				0B991B9022367461009DAACC /* Release */,
			);
			defaultConfigurationIsVisible = 0;
			defaultConfigurationName = Release;
		};
		0B991B9122367461009DAACC /* Build configuration list for PBXNativeTarget "TestMapUITests" */ = {
			isa = XCConfigurationList;
			buildConfigurations = (
				0B991B9222367461009DAACC /* Debug */,
				0B991B9322367461009DAACC /* Release */,
			);
			defaultConfigurationIsVisible = 0;
			defaultConfigurationName = Release;
		};
/* End XCConfigurationList section */
	};
	rootObject = 0B991B5B2236745F009DAACC /* Project object */;
}
